// !$*UTF8*$!
{
	archiveVersion = 1;
	classes = {
	};
	objectVersion = 46;
	objects = {

/* Begin PBXBuildFile section */
		1CAFF3E81F94870E00951310 /* AppDelegate.swift in Sources */ = {isa = PBXBuildFile; fileRef = 1CAFF3E71F94870E00951310 /* AppDelegate.swift */; };
		1CAFF3EA1F94870E00951310 /* ViewController.swift in Sources */ = {isa = PBXBuildFile; fileRef = 1CAFF3E91F94870E00951310 /* ViewController.swift */; };
		1CAFF3ED1F94870E00951310 /* Main.storyboard in Resources */ = {isa = PBXBuildFile; fileRef = 1CAFF3EB1F94870E00951310 /* Main.storyboard */; };
		1CAFF3EF1F94870E00951310 /* Assets.xcassets in Resources */ = {isa = PBXBuildFile; fileRef = 1CAFF3EE1F94870E00951310 /* Assets.xcassets */; };
		1CAFF3F21F94870E00951310 /* LaunchScreen.storyboard in Resources */ = {isa = PBXBuildFile; fileRef = 1CAFF3F01F94870E00951310 /* LaunchScreen.storyboard */; };
		1CAFF3FD1F94870E00951310 /* WebApp2Tests.swift in Sources */ = {isa = PBXBuildFile; fileRef = 1CAFF3FC1F94870E00951310 /* WebApp2Tests.swift */; };
		1CAFF4081F94870E00951310 /* WebApp2UITests.swift in Sources */ = {isa = PBXBuildFile; fileRef = 1CAFF4071F94870E00951310 /* WebApp2UITests.swift */; };
		1CAFF4171F94874F00951310 /* checkUrl.swift in Sources */ = {isa = PBXBuildFile; fileRef = 1CAFF4161F94874F00951310 /* checkUrl.swift */; };
		1CAFF4191F9494C300951310 /* WebSettingsViewController.swift in Sources */ = {isa = PBXBuildFile; fileRef = 1CAFF4181F9494C300951310 /* WebSettingsViewController.swift */; };
/* End PBXBuildFile section */

/* Begin PBXContainerItemProxy section */
		1CAFF3F91F94870E00951310 /* PBXContainerItemProxy */ = {
			isa = PBXContainerItemProxy;
			containerPortal = 1CAFF3DC1F94870E00951310 /* Project object */;
			proxyType = 1;
			remoteGlobalIDString = 1CAFF3E31F94870E00951310;
			remoteInfo = WebApp2;
		};
		1CAFF4041F94870E00951310 /* PBXContainerItemProxy */ = {
			isa = PBXContainerItemProxy;
			containerPortal = 1CAFF3DC1F94870E00951310 /* Project object */;
			proxyType = 1;
			remoteGlobalIDString = 1CAFF3E31F94870E00951310;
			remoteInfo = WebApp2;
		};
/* End PBXContainerItemProxy section */

/* Begin PBXFileReference section */
		1CAFF3E41F94870E00951310 /* WebApp2.app */ = {isa = PBXFileReference; explicitFileType = wrapper.application; includeInIndex = 0; path = WebApp2.app; sourceTree = BUILT_PRODUCTS_DIR; };
		1CAFF3E71F94870E00951310 /* AppDelegate.swift */ = {isa = PBXFileReference; lastKnownFileType = sourcecode.swift; path = AppDelegate.swift; sourceTree = "<group>"; };
		1CAFF3E91F94870E00951310 /* ViewController.swift */ = {isa = PBXFileReference; lastKnownFileType = sourcecode.swift; path = ViewController.swift; sourceTree = "<group>"; };
		1CAFF3EC1F94870E00951310 /* Base */ = {isa = PBXFileReference; lastKnownFileType = file.storyboard; name = Base; path = Base.lproj/Main.storyboard; sourceTree = "<group>"; };
		1CAFF3EE1F94870E00951310 /* Assets.xcassets */ = {isa = PBXFileReference; lastKnownFileType = folder.assetcatalog; path = Assets.xcassets; sourceTree = "<group>"; };
		1CAFF3F11F94870E00951310 /* Base */ = {isa = PBXFileReference; lastKnownFileType = file.storyboard; name = Base; path = Base.lproj/LaunchScreen.storyboard; sourceTree = "<group>"; };
		1CAFF3F31F94870E00951310 /* Info.plist */ = {isa = PBXFileReference; lastKnownFileType = text.plist.xml; path = Info.plist; sourceTree = "<group>"; };
		1CAFF3F81F94870E00951310 /* WebApp2Tests.xctest */ = {isa = PBXFileReference; explicitFileType = wrapper.cfbundle; includeInIndex = 0; path = WebApp2Tests.xctest; sourceTree = BUILT_PRODUCTS_DIR; };
		1CAFF3FC1F94870E00951310 /* WebApp2Tests.swift */ = {isa = PBXFileReference; lastKnownFileType = sourcecode.swift; path = WebApp2Tests.swift; sourceTree = "<group>"; };
		1CAFF3FE1F94870E00951310 /* Info.plist */ = {isa = PBXFileReference; lastKnownFileType = text.plist.xml; path = Info.plist; sourceTree = "<group>"; };
		1CAFF4031F94870E00951310 /* WebApp2UITests.xctest */ = {isa = PBXFileReference; explicitFileType = wrapper.cfbundle; includeInIndex = 0; path = WebApp2UITests.xctest; sourceTree = BUILT_PRODUCTS_DIR; };
		1CAFF4071F94870E00951310 /* WebApp2UITests.swift */ = {isa = PBXFileReference; lastKnownFileType = sourcecode.swift; path = WebApp2UITests.swift; sourceTree = "<group>"; };
		1CAFF4091F94870E00951310 /* Info.plist */ = {isa = PBXFileReference; lastKnownFileType = text.plist.xml; path = Info.plist; sourceTree = "<group>"; };
		1CAFF4161F94874F00951310 /* checkUrl.swift */ = {isa = PBXFileReference; fileEncoding = 4; lastKnownFileType = sourcecode.swift; path = checkUrl.swift; sourceTree = "<group>"; };
		1CAFF4181F9494C300951310 /* WebSettingsViewController.swift */ = {isa = PBXFileReference; fileEncoding = 4; lastKnownFileType = sourcecode.swift; path = WebSettingsViewController.swift; sourceTree = "<group>"; };
/* End PBXFileReference section */

/* Begin PBXFrameworksBuildPhase section */
		1CAFF3E11F94870E00951310 /* Frameworks */ = {
			isa = PBXFrameworksBuildPhase;
			buildActionMask = 2147483647;
			files = (
			);
			runOnlyForDeploymentPostprocessing = 0;
		};
		1CAFF3F51F94870E00951310 /* Frameworks */ = {
			isa = PBXFrameworksBuildPhase;
			buildActionMask = 2147483647;
			files = (
			);
			runOnlyForDeploymentPostprocessing = 0;
		};
		1CAFF4001F94870E00951310 /* Frameworks */ = {
			isa = PBXFrameworksBuildPhase;
			buildActionMask = 2147483647;
			files = (
			);
			runOnlyForDeploymentPostprocessing = 0;
		};
/* End PBXFrameworksBuildPhase section */

/* Begin PBXGroup section */
		1CAFF3DB1F94870E00951310 = {
			isa = PBXGroup;
			children = (
				1CAFF4151F94873200951310 /* Tools */,
				1CAFF3E61F94870E00951310 /* WebApp2 */,
				1CAFF3FB1F94870E00951310 /* WebApp2Tests */,
				1CAFF4061F94870E00951310 /* WebApp2UITests */,
				1CAFF3E51F94870E00951310 /* Products */,
			);
			sourceTree = "<group>";
		};
		1CAFF3E51F94870E00951310 /* Products */ = {
			isa = PBXGroup;
			children = (
				1CAFF3E41F94870E00951310 /* WebApp2.app */,
				1CAFF3F81F94870E00951310 /* WebApp2Tests.xctest */,
				1CAFF4031F94870E00951310 /* WebApp2UITests.xctest */,
			);
			name = Products;
			sourceTree = "<group>";
		};
		1CAFF3E61F94870E00951310 /* WebApp2 */ = {
			isa = PBXGroup;
			children = (
				1CAFF3E71F94870E00951310 /* AppDelegate.swift */,
				1CAFF3E91F94870E00951310 /* ViewController.swift */,
				1CAFF4181F9494C300951310 /* WebSettingsViewController.swift */,
				1CAFF3EB1F94870E00951310 /* Main.storyboard */,
				1CAFF3EE1F94870E00951310 /* Assets.xcassets */,
				1CAFF3F01F94870E00951310 /* LaunchScreen.storyboard */,
				1CAFF3F31F94870E00951310 /* Info.plist */,
			);
			path = WebApp2;
			sourceTree = "<group>";
		};
		1CAFF3FB1F94870E00951310 /* WebApp2Tests */ = {
			isa = PBXGroup;
			children = (
				1CAFF3FC1F94870E00951310 /* WebApp2Tests.swift */,
				1CAFF3FE1F94870E00951310 /* Info.plist */,
			);
			path = WebApp2Tests;
			sourceTree = "<group>";
		};
		1CAFF4061F94870E00951310 /* WebApp2UITests */ = {
			isa = PBXGroup;
			children = (
				1CAFF4071F94870E00951310 /* WebApp2UITests.swift */,
				1CAFF4091F94870E00951310 /* Info.plist */,
			);
			path = WebApp2UITests;
			sourceTree = "<group>";
		};
		1CAFF4151F94873200951310 /* Tools */ = {
			isa = PBXGroup;
			children = (
				1CAFF4161F94874F00951310 /* checkUrl.swift */,
			);
			name = Tools;
			sourceTree = "<group>";
		};
/* End PBXGroup section */

/* Begin PBXNativeTarget section */
		1CAFF3E31F94870E00951310 /* WebApp2 */ = {
			isa = PBXNativeTarget;
			buildConfigurationList = 1CAFF40C1F94870E00951310 /* Build configuration list for PBXNativeTarget "WebApp2" */;
			buildPhases = (
				1CAFF3E01F94870E00951310 /* Sources */,
				1CAFF3E11F94870E00951310 /* Frameworks */,
				1CAFF3E21F94870E00951310 /* Resources */,
			);
			buildRules = (
			);
			dependencies = (
			);
			name = WebApp2;
			productName = WebApp2;
			productReference = 1CAFF3E41F94870E00951310 /* WebApp2.app */;
			productType = "com.apple.product-type.application";
		};
		1CAFF3F71F94870E00951310 /* WebApp2Tests */ = {
			isa = PBXNativeTarget;
			buildConfigurationList = 1CAFF40F1F94870E00951310 /* Build configuration list for PBXNativeTarget "WebApp2Tests" */;
			buildPhases = (
				1CAFF3F41F94870E00951310 /* Sources */,
				1CAFF3F51F94870E00951310 /* Frameworks */,
				1CAFF3F61F94870E00951310 /* Resources */,
			);
			buildRules = (
			);
			dependencies = (
				1CAFF3FA1F94870E00951310 /* PBXTargetDependency */,
			);
			name = WebApp2Tests;
			productName = WebApp2Tests;
			productReference = 1CAFF3F81F94870E00951310 /* WebApp2Tests.xctest */;
			productType = "com.apple.product-type.bundle.unit-test";
		};
		1CAFF4021F94870E00951310 /* WebApp2UITests */ = {
			isa = PBXNativeTarget;
			buildConfigurationList = 1CAFF4121F94870E00951310 /* Build configuration list for PBXNativeTarget "WebApp2UITests" */;
			buildPhases = (
				1CAFF3FF1F94870E00951310 /* Sources */,
				1CAFF4001F94870E00951310 /* Frameworks */,
				1CAFF4011F94870E00951310 /* Resources */,
			);
			buildRules = (
			);
			dependencies = (
				1CAFF4051F94870E00951310 /* PBXTargetDependency */,
			);
			name = WebApp2UITests;
			productName = WebApp2UITests;
			productReference = 1CAFF4031F94870E00951310 /* WebApp2UITests.xctest */;
			productType = "com.apple.product-type.bundle.ui-testing";
		};
/* End PBXNativeTarget section */

/* Begin PBXProject section */
		1CAFF3DC1F94870E00951310 /* Project object */ = {
			isa = PBXProject;
			attributes = {
				LastSwiftUpdateCheck = 0830;
				LastUpgradeCheck = 0830;
				ORGANIZATIONNAME = Kugim;
				TargetAttributes = {
					1CAFF3E31F94870E00951310 = {
						CreatedOnToolsVersion = 8.3.3;
						ProvisioningStyle = Automatic;
					};
					1CAFF3F71F94870E00951310 = {
						CreatedOnToolsVersion = 8.3.3;
						ProvisioningStyle = Automatic;
						TestTargetID = 1CAFF3E31F94870E00951310;
					};
					1CAFF4021F94870E00951310 = {
						CreatedOnToolsVersion = 8.3.3;
						ProvisioningStyle = Automatic;
						TestTargetID = 1CAFF3E31F94870E00951310;
					};
				};
			};
			buildConfigurationList = 1CAFF3DF1F94870E00951310 /* Build configuration list for PBXProject "WebApp2" */;
			compatibilityVersion = "Xcode 3.2";
			developmentRegion = English;
			hasScannedForEncodings = 0;
			knownRegions = (
				en,
				Base,
			);
			mainGroup = 1CAFF3DB1F94870E00951310;
			productRefGroup = 1CAFF3E51F94870E00951310 /* Products */;
			projectDirPath = "";
			projectRoot = "";
			targets = (
				1CAFF3E31F94870E00951310 /* WebApp2 */,
				1CAFF3F71F94870E00951310 /* WebApp2Tests */,
				1CAFF4021F94870E00951310 /* WebApp2UITests */,
			);
		};
/* End PBXProject section */

/* Begin PBXResourcesBuildPhase section */
		1CAFF3E21F94870E00951310 /* Resources */ = {
			isa = PBXResourcesBuildPhase;
			buildActionMask = 2147483647;
			files = (
				1CAFF3F21F94870E00951310 /* LaunchScreen.storyboard in Resources */,
				1CAFF3EF1F94870E00951310 /* Assets.xcassets in Resources */,
				1CAFF3ED1F94870E00951310 /* Main.storyboard in Resources */,
			);
			runOnlyForDeploymentPostprocessing = 0;
		};
		1CAFF3F61F94870E00951310 /* Resources */ = {
			isa = PBXResourcesBuildPhase;
			buildActionMask = 2147483647;
			files = (
			);
			runOnlyForDeploymentPostprocessing = 0;
		};
		1CAFF4011F94870E00951310 /* Resources */ = {
			isa = PBXResourcesBuildPhase;
			buildActionMask = 2147483647;
			files = (
			);
			runOnlyForDeploymentPostprocessing = 0;
		};
/* End PBXResourcesBuildPhase section */

/* Begin PBXSourcesBuildPhase section */
		1CAFF3E01F94870E00951310 /* Sources */ = {
			isa = PBXSourcesBuildPhase;
			buildActionMask = 2147483647;
			files = (
				1CAFF4191F9494C300951310 /* WebSettingsViewController.swift in Sources */,
				1CAFF3EA1F94870E00951310 /* ViewController.swift in Sources */,
				1CAFF3E81F94870E00951310 /* AppDelegate.swift in Sources */,
				1CAFF4171F94874F00951310 /* checkUrl.swift in Sources */,
			);
			runOnlyForDeploymentPostprocessing = 0;
		};
		1CAFF3F41F94870E00951310 /* Sources */ = {
			isa = PBXSourcesBuildPhase;
			buildActionMask = 2147483647;
			files = (
				1CAFF3FD1F94870E00951310 /* WebApp2Tests.swift in Sources */,
			);
			runOnlyForDeploymentPostprocessing = 0;
		};
		1CAFF3FF1F94870E00951310 /* Sources */ = {
			isa = PBXSourcesBuildPhase;
			buildActionMask = 2147483647;
			files = (
				1CAFF4081F94870E00951310 /* WebApp2UITests.swift in Sources */,
			);
			runOnlyForDeploymentPostprocessing = 0;
		};
/* End PBXSourcesBuildPhase section */

/* Begin PBXTargetDependency section */
		1CAFF3FA1F94870E00951310 /* PBXTargetDependency */ = {
			isa = PBXTargetDependency;
			target = 1CAFF3E31F94870E00951310 /* WebApp2 */;
			targetProxy = 1CAFF3F91F94870E00951310 /* PBXContainerItemProxy */;
		};
		1CAFF4051F94870E00951310 /* PBXTargetDependency */ = {
			isa = PBXTargetDependency;
			target = 1CAFF3E31F94870E00951310 /* WebApp2 */;
			targetProxy = 1CAFF4041F94870E00951310 /* PBXContainerItemProxy */;
		};
/* End PBXTargetDependency section */

/* Begin PBXVariantGroup section */
		1CAFF3EB1F94870E00951310 /* Main.storyboard */ = {
			isa = PBXVariantGroup;
			children = (
				1CAFF3EC1F94870E00951310 /* Base */,
			);
			name = Main.storyboard;
			sourceTree = "<group>";
		};
		1CAFF3F01F94870E00951310 /* LaunchScreen.storyboard */ = {
			isa = PBXVariantGroup;
			children = (
				1CAFF3F11F94870E00951310 /* Base */,
			);
			name = LaunchScreen.storyboard;
			sourceTree = "<group>";
		};
/* End PBXVariantGroup section */

/* Begin XCBuildConfiguration section */
		1CAFF40A1F94870E00951310 /* Debug */ = {
			isa = XCBuildConfiguration;
			buildSettings = {
				ALWAYS_SEARCH_USER_PATHS = NO;
				CLANG_ANALYZER_NONNULL = YES;
				CLANG_ANALYZER_NUMBER_OBJECT_CONVERSION = YES_AGGRESSIVE;
				CLANG_CXX_LANGUAGE_STANDARD = "gnu++0x";
				CLANG_CXX_LIBRARY = "libc++";
				CLANG_ENABLE_MODULES = YES;
				CLANG_ENABLE_OBJC_ARC = YES;
				CLANG_WARN_BOOL_CONVERSION = YES;
				CLANG_WARN_CONSTANT_CONVERSION = YES;
				CLANG_WARN_DIRECT_OBJC_ISA_USAGE = YES_ERROR;
				CLANG_WARN_DOCUMENTATION_COMMENTS = YES;
				CLANG_WARN_EMPTY_BODY = YES;
				CLANG_WARN_ENUM_CONVERSION = YES;
				CLANG_WARN_INFINITE_RECURSION = YES;
				CLANG_WARN_INT_CONVERSION = YES;
				CLANG_WARN_OBJC_ROOT_CLASS = YES_ERROR;
				CLANG_WARN_SUSPICIOUS_MOVE = YES;
				CLANG_WARN_UNREACHABLE_CODE = YES;
				CLANG_WARN__DUPLICATE_METHOD_MATCH = YES;
				"CODE_SIGN_IDENTITY[sdk=iphoneos*]" = "iPhone Developer";
				COPY_PHASE_STRIP = NO;
				DEBUG_INFORMATION_FORMAT = dwarf;
				ENABLE_STRICT_OBJC_MSGSEND = YES;
				ENABLE_TESTABILITY = YES;
				GCC_C_LANGUAGE_STANDARD = gnu99;
				GCC_DYNAMIC_NO_PIC = NO;
				GCC_NO_COMMON_BLOCKS = YES;
				GCC_OPTIMIZATION_LEVEL = 0;
				GCC_PREPROCESSOR_DEFINITIONS = (
					"DEBUG=1",
					"$(inherited)",
				);
				GCC_WARN_64_TO_32_BIT_CONVERSION = YES;
				GCC_WARN_ABOUT_RETURN_TYPE = YES_ERROR;
				GCC_WARN_UNDECLARED_SELECTOR = YES;
				GCC_WARN_UNINITIALIZED_AUTOS = YES_AGGRESSIVE;
				GCC_WARN_UNUSED_FUNCTION = YES;
				GCC_WARN_UNUSED_VARIABLE = YES;
				IPHONEOS_DEPLOYMENT_TARGET = 10.3;
				MTL_ENABLE_DEBUG_INFO = YES;
				ONLY_ACTIVE_ARCH = YES;
				SDKROOT = iphoneos;
				SWIFT_ACTIVE_COMPILATION_CONDITIONS = DEBUG;
				SWIFT_OPTIMIZATION_LEVEL = "-Onone";
				TARGETED_DEVICE_FAMILY = "1,2";
			};
			name = Debug;
		};
		1CAFF40B1F94870E00951310 /* Release */ = {
			isa = XCBuildConfiguration;
			buildSettings = {
				ALWAYS_SEARCH_USER_PATHS = NO;
				CLANG_ANALYZER_NONNULL = YES;
				CLANG_ANALYZER_NUMBER_OBJECT_CONVERSION = YES_AGGRESSIVE;
				CLANG_CXX_LANGUAGE_STANDARD = "gnu++0x";
				CLANG_CXX_LIBRARY = "libc++";
				CLANG_ENABLE_MODULES = YES;
				CLANG_ENABLE_OBJC_ARC = YES;
				CLANG_WARN_BOOL_CONVERSION = YES;
				CLANG_WARN_CONSTANT_CONVERSION = YES;
				CLANG_WARN_DIRECT_OBJC_ISA_USAGE = YES_ERROR;
				CLANG_WARN_DOCUMENTATION_COMMENTS = YES;
				CLANG_WARN_EMPTY_BODY = YES;
				CLANG_WARN_ENUM_CONVERSION = YES;
				CLANG_WARN_INFINITE_RECURSION = YES;
				CLANG_WARN_INT_CONVERSION = YES;
				CLANG_WARN_OBJC_ROOT_CLASS = YES_ERROR;
				CLANG_WARN_SUSPICIOUS_MOVE = YES;
				CLANG_WARN_UNREACHABLE_CODE = YES;
				CLANG_WARN__DUPLICATE_METHOD_MATCH = YES;
				"CODE_SIGN_IDENTITY[sdk=iphoneos*]" = "iPhone Developer";
				COPY_PHASE_STRIP = NO;
				DEBUG_INFORMATION_FORMAT = "dwarf-with-dsym";
				ENABLE_NS_ASSERTIONS = NO;
				ENABLE_STRICT_OBJC_MSGSEND = YES;
				GCC_C_LANGUAGE_STANDARD = gnu99;
				GCC_NO_COMMON_BLOCKS = YES;
				GCC_WARN_64_TO_32_BIT_CONVERSION = YES;
				GCC_WARN_ABOUT_RETURN_TYPE = YES_ERROR;
				GCC_WARN_UNDECLARED_SELECTOR = YES;
				GCC_WARN_UNINITIALIZED_AUTOS = YES_AGGRESSIVE;
				GCC_WARN_UNUSED_FUNCTION = YES;
				GCC_WARN_UNUSED_VARIABLE = YES;
				IPHONEOS_DEPLOYMENT_TARGET = 10.3;
				MTL_ENABLE_DEBUG_INFO = NO;
				SDKROOT = iphoneos;
				SWIFT_OPTIMIZATION_LEVEL = "-Owholemodule";
				TARGETED_DEVICE_FAMILY = "1,2";
				VALIDATE_PRODUCT = YES;
			};
			name = Release;
		};
		1CAFF40D1F94870E00951310 /* Debug */ = {
			isa = XCBuildConfiguration;
			buildSettings = {
				ASSETCATALOG_COMPILER_APPICON_NAME = AppIcon;
				INFOPLIST_FILE = WebApp2/Info.plist;
				LD_RUNPATH_SEARCH_PATHS = "$(inherited) @executable_path/Frameworks";
				PRODUCT_BUNDLE_IDENTIFIER = com.kugimios.WebApp2;
				PRODUCT_NAME = "$(TARGET_NAME)";
				SWIFT_VERSION = 3.0;
			};
			name = Debug;
		};
		1CAFF40E1F94870E00951310 /* Release */ = {
			isa = XCBuildConfiguration;
			buildSettings = {
				ASSETCATALOG_COMPILER_APPICON_NAME = AppIcon;
				INFOPLIST_FILE = WebApp2/Info.plist;
				LD_RUNPATH_SEARCH_PATHS = "$(inherited) @executable_path/Frameworks";
				PRODUCT_BUNDLE_IDENTIFIER = com.kugimios.WebApp2;
				PRODUCT_NAME = "$(TARGET_NAME)";
				SWIFT_VERSION = 3.0;
			};
			name = Release;
		};
		1CAFF4101F94870E00951310 /* Debug */ = {
			isa = XCBuildConfiguration;
			buildSettings = {
				ALWAYS_EMBED_SWIFT_STANDARD_LIBRARIES = YES;
				BUNDLE_LOADER = "$(TEST_HOST)";
				INFOPLIST_FILE = WebApp2Tests/Info.plist;
				LD_RUNPATH_SEARCH_PATHS = "$(inherited) @executable_path/Frameworks @loader_path/Frameworks";
				PRODUCT_BUNDLE_IDENTIFIER = com.kugimios.WebApp2Tests;
				PRODUCT_NAME = "$(TARGET_NAME)";
				SWIFT_VERSION = 3.0;
				TEST_HOST = "$(BUILT_PRODUCTS_DIR)/WebApp2.app/WebApp2";
			};
			name = Debug;
		};
		1CAFF4111F94870E00951310 /* Release */ = {
			isa = XCBuildConfiguration;
			buildSettings = {
				ALWAYS_EMBED_SWIFT_STANDARD_LIBRARIES = YES;
				BUNDLE_LOADER = "$(TEST_HOST)";
				INFOPLIST_FILE = WebApp2Tests/Info.plist;
				LD_RUNPATH_SEARCH_PATHS = "$(inherited) @executable_path/Frameworks @loader_path/Frameworks";
				PRODUCT_BUNDLE_IDENTIFIER = com.kugimios.WebApp2Tests;
				PRODUCT_NAME = "$(TARGET_NAME)";
				SWIFT_VERSION = 3.0;
				TEST_HOST = "$(BUILT_PRODUCTS_DIR)/WebApp2.app/WebApp2";
			};
			name = Release;
		};
		1CAFF4131F94870E00951310 /* Debug */ = {
			isa = XCBuildConfiguration;
			buildSettings = {
				ALWAYS_EMBED_SWIFT_STANDARD_LIBRARIES = YES;
				INFOPLIST_FILE = WebApp2UITests/Info.plist;
				LD_RUNPATH_SEARCH_PATHS = "$(inherited) @executable_path/Frameworks @loader_path/Frameworks";
				PRODUCT_BUNDLE_IDENTIFIER = com.kugimios.WebApp2UITests;
				PRODUCT_NAME = "$(TARGET_NAME)";
				SWIFT_VERSION = 3.0;
				TEST_TARGET_NAME = WebApp2;
			};
			name = Debug;
		};
		1CAFF4141F94870E00951310 /* Release */ = {
			isa = XCBuildConfiguration;
			buildSettings = {
				ALWAYS_EMBED_SWIFT_STANDARD_LIBRARIES = YES;
				INFOPLIST_FILE = WebApp2UITests/Info.plist;
				LD_RUNPATH_SEARCH_PATHS = "$(inherited) @executable_path/Frameworks @loader_path/Frameworks";
				PRODUCT_BUNDLE_IDENTIFIER = com.kugimios.WebApp2UITests;
				PRODUCT_NAME = "$(TARGET_NAME)";
				SWIFT_VERSION = 3.0;
				TEST_TARGET_NAME = WebApp2;
			};
			name = Release;
		};
/* End XCBuildConfiguration section */

/* Begin XCConfigurationList section */
		1CAFF3DF1F94870E00951310 /* Build configuration list for PBXProject "WebApp2" */ = {
			isa = XCConfigurationList;
			buildConfigurations = (
				1CAFF40A1F94870E00951310 /* Debug */,
				1CAFF40B1F94870E00951310 /* Release */,
			);
			defaultConfigurationIsVisible = 0;
			defaultConfigurationName = Release;
		};
		1CAFF40C1F94870E00951310 /* Build configuration list for PBXNativeTarget "WebApp2" */ = {
			isa = XCConfigurationList;
			buildConfigurations = (
				1CAFF40D1F94870E00951310 /* Debug */,
				1CAFF40E1F94870E00951310 /* Release */,
			);
			defaultConfigurationIsVisible = 0;
		};
		1CAFF40F1F94870E00951310 /* Build configuration list for PBXNativeTarget "WebApp2Tests" */ = {
			isa = XCConfigurationList;
			buildConfigurations = (
				1CAFF4101F94870E00951310 /* Debug */,
				1CAFF4111F94870E00951310 /* Release */,
			);
			defaultConfigurationIsVisible = 0;
		};
		1CAFF4121F94870E00951310 /* Build configuration list for PBXNativeTarget "WebApp2UITests" */ = {
			isa = XCConfigurationList;
			buildConfigurations = (
				1CAFF4131F94870E00951310 /* Debug */,
				1CAFF4141F94870E00951310 /* Release */,
			);
			defaultConfigurationIsVisible = 0;
		};
/* End XCConfigurationList section */
	};
	rootObject = 1CAFF3DC1F94870E00951310 /* Project object */;
}
